
Microsoft Visual Studio Solution File, Format Version 12.00
# Visual Studio Version 17
VisualStudioVersion = 17.0.31919.166
MinimumVisualStudioVersion = 10.0.40219.1
Project("{FAE04EC0-301F-11D3-BF4B-00C04F79EFBC}") = "EFCore.Dominio", "..\EFCore.Dominio\EFCore.Dominio.csproj", "{9F9558A1-B93E-43F9-8CF3-3F06DAA9D2B9}"
EndProject
Project("{FAE04EC0-301F-11D3-BF4B-00C04F79EFBC}") = "EFCore.Repo", "..\EFCore.Repo\EFCore.Repo.csproj", "{54398709-257B-4B73-BAE0-95B0B34B5AEB}"
EndProject
Project("{FAE04EC0-301F-11D3-BF4B-00C04F79EFBC}") = "EFCore.WebAPI3", "..\EFCore.WebAPI3\EFCore.WebAPI3.csproj", "{A5ADC351-FCE4-41CC-B957-99F8E69A2456}"
EndProject
Global
	GlobalSection(SolutionConfigurationPlatforms) = preSolution
		Debug|Any CPU = Debug|Any CPU
		Release|Any CPU = Release|Any CPU
	EndGlobalSection
	GlobalSection(ProjectConfigurationPlatforms) = postSolution
		{9F9558A1-B93E-43F9-8CF3-3F06DAA9D2B9}.Debug|Any CPU.ActiveCfg = Debug|Any CPU
		{9F9558A1-B93E-43F9-8CF3-3F06DAA9D2B9}.Debug|Any CPU.Build.0 = Debug|Any CPU
		{9F9558A1-B93E-43F9-8CF3-3F06DAA9D2B9}.Release|Any CPU.ActiveCfg = Release|Any CPU
		{9F9558A1-B93E-43F9-8CF3-3F06DAA9D2B9}.Release|Any CPU.Build.0 = Release|Any CPU
		{54398709-257B-4B73-BAE0-95B0B34B5AEB}.Debug|Any CPU.ActiveCfg = Debug|Any CPU
		{54398709-257B-4B73-BAE0-95B0B34B5AEB}.Debug|Any CPU.Build.0 = Debug|Any CPU
		{54398709-257B-4B73-BAE0-95B0B34B5AEB}.Release|Any CPU.ActiveCfg = Release|Any CPU
		{54398709-257B-4B73-BAE0-95B0B34B5AEB}.Release|Any CPU.Build.0 = Release|Any CPU
		{A5ADC351-FCE4-41CC-B957-99F8E69A2456}.Debug|Any CPU.ActiveCfg = Debug|Any CPU
		{A5ADC351-FCE4-41CC-B957-99F8E69A2456}.Debug|Any CPU.Build.0 = Debug|Any CPU
		{A5ADC351-FCE4-41CC-B957-99F8E69A2456}.Release|Any CPU.ActiveCfg = Release|Any CPU
		{A5ADC351-FCE4-41CC-B957-99F8E69A2456}.Release|Any CPU.Build.0 = Release|Any CPU
	EndGlobalSection
	GlobalSection(SolutionProperties) = preSolution
		HideSolutionNode = FALSE
	EndGlobalSection
	GlobalSection(ExtensibilityGlobals) = postSolution
		SolutionGuid = {8DDE0A87-8BB8-43EB-9C8C-B96998BB9647}
	EndGlobalSection
EndGlobal
